
Microsoft Visual Studio Solution File, Format Version 12.00
# Visual Studio Version 16
VisualStudioVersion = 16.0.810.25
MinimumVisualStudioVersion = 10.0.40219.1
Project("{2150E333-8FDC-42A3-9474-1A3956D46DE8}") = "Services", "Services", "{F08108BE-B5B4-44CA-842D-8F2CC6D2BDA9}"
EndProject
Project("{2150E333-8FDC-42A3-9474-1A3956D46DE8}") = "Catalog", "Catalog", "{E678FFA3-4EB5-481F-AA1A-80515CC3BA5D}"
EndProject
Project("{FAE04EC0-301F-11D3-BF4B-00C04F79EFBC}") = "Catalog.API", "Services\Catalog\Catalog.API\Catalog.API.csproj", "{52EA08B5-57FA-41A3-8B61-A9DC890C8F6E}"
EndProject
Project("{E53339B2-1760-4266-BCC7-CA923CBCF16C}") = "docker-compose", "docker-compose.dcproj", "{52072DD8-AEFE-42D7-B16A-413419073E7A}"
EndProject
Project("{2150E333-8FDC-42A3-9474-1A3956D46DE8}") = "Basket", "Basket", "{D5D21DE5-9113-4F14-8F7B-D97009DEC884}"
EndProject
Project("{FAE04EC0-301F-11D3-BF4B-00C04F79EFBC}") = "Basket.API", "Services\Basket\Basket.API\Basket.API.csproj", "{980109FF-B3E1-4C91-BCAC-1F3B899EB05D}"
EndProject
Global
	GlobalSection(SolutionConfigurationPlatforms) = preSolution
		Debug|Any CPU = Debug|Any CPU
		Release|Any CPU = Release|Any CPU
	EndGlobalSection
	GlobalSection(ProjectConfigurationPlatforms) = postSolution
		{52EA08B5-57FA-41A3-8B61-A9DC890C8F6E}.Debug|Any CPU.ActiveCfg = Debug|Any CPU
		{52EA08B5-57FA-41A3-8B61-A9DC890C8F6E}.Debug|Any CPU.Build.0 = Debug|Any CPU
		{52EA08B5-57FA-41A3-8B61-A9DC890C8F6E}.Release|Any CPU.ActiveCfg = Release|Any CPU
		{52EA08B5-57FA-41A3-8B61-A9DC890C8F6E}.Release|Any CPU.Build.0 = Release|Any CPU
		{52072DD8-AEFE-42D7-B16A-413419073E7A}.Debug|Any CPU.ActiveCfg = Debug|Any CPU
		{52072DD8-AEFE-42D7-B16A-413419073E7A}.Debug|Any CPU.Build.0 = Debug|Any CPU
		{52072DD8-AEFE-42D7-B16A-413419073E7A}.Release|Any CPU.ActiveCfg = Release|Any CPU
		{52072DD8-AEFE-42D7-B16A-413419073E7A}.Release|Any CPU.Build.0 = Release|Any CPU
		{980109FF-B3E1-4C91-BCAC-1F3B899EB05D}.Debug|Any CPU.ActiveCfg = Debug|Any CPU
		{980109FF-B3E1-4C91-BCAC-1F3B899EB05D}.Debug|Any CPU.Build.0 = Debug|Any CPU
		{980109FF-B3E1-4C91-BCAC-1F3B899EB05D}.Release|Any CPU.ActiveCfg = Release|Any CPU
		{980109FF-B3E1-4C91-BCAC-1F3B899EB05D}.Release|Any CPU.Build.0 = Release|Any CPU
	EndGlobalSection
	GlobalSection(SolutionProperties) = preSolution
		HideSolutionNode = FALSE
	EndGlobalSection
	GlobalSection(ExtensibilityGlobals) = postSolution
		SolutionGuid = {BFBCA257-8FAA-4626-BFD3-4230D3FD29E4}
	EndGlobalSection
	GlobalSection(NestedProjects) = preSolution
		{E678FFA3-4EB5-481F-AA1A-80515CC3BA5D} = {F08108BE-B5B4-44CA-842D-8F2CC6D2BDA9}
		{52EA08B5-57FA-41A3-8B61-A9DC890C8F6E} = {E678FFA3-4EB5-481F-AA1A-80515CC3BA5D}
		{D5D21DE5-9113-4F14-8F7B-D97009DEC884} = {F08108BE-B5B4-44CA-842D-8F2CC6D2BDA9}
		{980109FF-B3E1-4C91-BCAC-1F3B899EB05D} = {D5D21DE5-9113-4F14-8F7B-D97009DEC884}
	EndGlobalSection
EndGlobal
